// !$*UTF8*$!
{
	archiveVersion = 1;
	classes = {
	};
	objectVersion = 48;
	objects = {

/* Begin PBXBuildFile section */
		3A7BD81420161A4F0027A04C /* AppDelegate.swift in Sources */ = {isa = PBXBuildFile; fileRef = 3A7BD81320161A4F0027A04C /* AppDelegate.swift */; };
		3A7BD81620161A4F0027A04C /* ViewController.swift in Sources */ = {isa = PBXBuildFile; fileRef = 3A7BD81520161A4F0027A04C /* ViewController.swift */; };
		3A7BD81920161A4F0027A04C /* Main.storyboard in Resources */ = {isa = PBXBuildFile; fileRef = 3A7BD81720161A4F0027A04C /* Main.storyboard */; };
		3A7BD81B20161A4F0027A04C /* Assets.xcassets in Resources */ = {isa = PBXBuildFile; fileRef = 3A7BD81A20161A4F0027A04C /* Assets.xcassets */; };
		3A7BD81E20161A4F0027A04C /* LaunchScreen.storyboard in Resources */ = {isa = PBXBuildFile; fileRef = 3A7BD81C20161A4F0027A04C /* LaunchScreen.storyboard */; };
		3A7BD82920161A4F0027A04C /* XcodeGitDemoTests.swift in Sources */ = {isa = PBXBuildFile; fileRef = 3A7BD82820161A4F0027A04C /* XcodeGitDemoTests.swift */; };
		3A7BD83420161A4F0027A04C /* XcodeGitDemoUITests.swift in Sources */ = {isa = PBXBuildFile; fileRef = 3A7BD83320161A4F0027A04C /* XcodeGitDemoUITests.swift */; };
/* End PBXBuildFile section */

/* Begin PBXContainerItemProxy section */
		3A7BD82520161A4F0027A04C /* PBXContainerItemProxy */ = {
			isa = PBXContainerItemProxy;
			containerPortal = 3A7BD80820161A4F0027A04C /* Project object */;
			proxyType = 1;
			remoteGlobalIDString = 3A7BD80F20161A4F0027A04C;
			remoteInfo = XcodeGitDemo;
		};
		3A7BD83020161A4F0027A04C /* PBXContainerItemProxy */ = {
			isa = PBXContainerItemProxy;
			containerPortal = 3A7BD80820161A4F0027A04C /* Project object */;
			proxyType = 1;
			remoteGlobalIDString = 3A7BD80F20161A4F0027A04C;
			remoteInfo = XcodeGitDemo;
		};
/* End PBXContainerItemProxy section */

/* Begin PBXFileReference section */
		3A7BD81020161A4F0027A04C /* XcodeGitDemo.app */ = {isa = PBXFileReference; explicitFileType = wrapper.application; includeInIndex = 0; path = XcodeGitDemo.app; sourceTree = BUILT_PRODUCTS_DIR; };
		3A7BD81320161A4F0027A04C /* AppDelegate.swift */ = {isa = PBXFileReference; lastKnownFileType = sourcecode.swift; path = AppDelegate.swift; sourceTree = "<group>"; };
		3A7BD81520161A4F0027A04C /* ViewController.swift */ = {isa = PBXFileReference; lastKnownFileType = sourcecode.swift; path = ViewController.swift; sourceTree = "<group>"; };
		3A7BD81820161A4F0027A04C /* Base */ = {isa = PBXFileReference; lastKnownFileType = file.storyboard; name = Base; path = Base.lproj/Main.storyboard; sourceTree = "<group>"; };
		3A7BD81A20161A4F0027A04C /* Assets.xcassets */ = {isa = PBXFileReference; lastKnownFileType = folder.assetcatalog; path = Assets.xcassets; sourceTree = "<group>"; };
		3A7BD81D20161A4F0027A04C /* Base */ = {isa = PBXFileReference; lastKnownFileType = file.storyboard; name = Base; path = Base.lproj/LaunchScreen.storyboard; sourceTree = "<group>"; };
		3A7BD81F20161A4F0027A04C /* Info.plist */ = {isa = PBXFileReference; lastKnownFileType = text.plist.xml; path = Info.plist; sourceTree = "<group>"; };
		3A7BD82420161A4F0027A04C /* XcodeGitDemoTests.xctest */ = {isa = PBXFileReference; explicitFileType = wrapper.cfbundle; includeInIndex = 0; path = XcodeGitDemoTests.xctest; sourceTree = BUILT_PRODUCTS_DIR; };
		3A7BD82820161A4F0027A04C /* XcodeGitDemoTests.swift */ = {isa = PBXFileReference; lastKnownFileType = sourcecode.swift; path = XcodeGitDemoTests.swift; sourceTree = "<group>"; };
		3A7BD82A20161A4F0027A04C /* Info.plist */ = {isa = PBXFileReference; lastKnownFileType = text.plist.xml; path = Info.plist; sourceTree = "<group>"; };
		3A7BD82F20161A4F0027A04C /* XcodeGitDemoUITests.xctest */ = {isa = PBXFileReference; explicitFileType = wrapper.cfbundle; includeInIndex = 0; path = XcodeGitDemoUITests.xctest; sourceTree = BUILT_PRODUCTS_DIR; };
		3A7BD83320161A4F0027A04C /* XcodeGitDemoUITests.swift */ = {isa = PBXFileReference; lastKnownFileType = sourcecode.swift; path = XcodeGitDemoUITests.swift; sourceTree = "<group>"; };
		3A7BD83520161A4F0027A04C /* Info.plist */ = {isa = PBXFileReference; lastKnownFileType = text.plist.xml; path = Info.plist; sourceTree = "<group>"; };
/* End PBXFileReference section */

/* Begin PBXFrameworksBuildPhase section */
		3A7BD80D20161A4F0027A04C /* Frameworks */ = {
			isa = PBXFrameworksBuildPhase;
			buildActionMask = 2147483647;
			files = (
			);
			runOnlyForDeploymentPostprocessing = 0;
		};
		3A7BD82120161A4F0027A04C /* Frameworks */ = {
			isa = PBXFrameworksBuildPhase;
			buildActionMask = 2147483647;
			files = (
			);
			runOnlyForDeploymentPostprocessing = 0;
		};
		3A7BD82C20161A4F0027A04C /* Frameworks */ = {
			isa = PBXFrameworksBuildPhase;
			buildActionMask = 2147483647;
			files = (
			);
			runOnlyForDeploymentPostprocessing = 0;
		};
/* End PBXFrameworksBuildPhase section */

/* Begin PBXGroup section */
		3A7BD80720161A4F0027A04C = {
			isa = PBXGroup;
			children = (
				3A7BD81220161A4F0027A04C /* XcodeGitDemo */,
				3A7BD82720161A4F0027A04C /* XcodeGitDemoTests */,
				3A7BD83220161A4F0027A04C /* XcodeGitDemoUITests */,
				3A7BD81120161A4F0027A04C /* Products */,
			);
			sourceTree = "<group>";
		};
		3A7BD81120161A4F0027A04C /* Products */ = {
			isa = PBXGroup;
			children = (
				3A7BD81020161A4F0027A04C /* XcodeGitDemo.app */,
				3A7BD82420161A4F0027A04C /* XcodeGitDemoTests.xctest */,
				3A7BD82F20161A4F0027A04C /* XcodeGitDemoUITests.xctest */,
			);
			name = Products;
			sourceTree = "<group>";
		};
		3A7BD81220161A4F0027A04C /* XcodeGitDemo */ = {
			isa = PBXGroup;
			children = (
				3A7BD81320161A4F0027A04C /* AppDelegate.swift */,
				3A7BD81520161A4F0027A04C /* ViewController.swift */,
				3A7BD81720161A4F0027A04C /* Main.storyboard */,
				3A7BD81A20161A4F0027A04C /* Assets.xcassets */,
				3A7BD81C20161A4F0027A04C /* LaunchScreen.storyboard */,
				3A7BD81F20161A4F0027A04C /* Info.plist */,
			);
			path = XcodeGitDemo;
			sourceTree = "<group>";
		};
		3A7BD82720161A4F0027A04C /* XcodeGitDemoTests */ = {
			isa = PBXGroup;
			children = (
				3A7BD82820161A4F0027A04C /* XcodeGitDemoTests.swift */,
				3A7BD82A20161A4F0027A04C /* Info.plist */,
			);
			path = XcodeGitDemoTests;
			sourceTree = "<group>";
		};
		3A7BD83220161A4F0027A04C /* XcodeGitDemoUITests */ = {
			isa = PBXGroup;
			children = (
				3A7BD83320161A4F0027A04C /* XcodeGitDemoUITests.swift */,
				3A7BD83520161A4F0027A04C /* Info.plist */,
			);
			path = XcodeGitDemoUITests;
			sourceTree = "<group>";
		};
/* End PBXGroup section */

/* Begin PBXNativeTarget section */
		3A7BD80F20161A4F0027A04C /* XcodeGitDemo */ = {
			isa = PBXNativeTarget;
			buildConfigurationList = 3A7BD83820161A4F0027A04C /* Build configuration list for PBXNativeTarget "XcodeGitDemo" */;
			buildPhases = (
				3A7BD80C20161A4F0027A04C /* Sources */,
				3A7BD80D20161A4F0027A04C /* Frameworks */,
				3A7BD80E20161A4F0027A04C /* Resources */,
			);
			buildRules = (
			);
			dependencies = (
			);
			name = XcodeGitDemo;
			productName = XcodeGitDemo;
			productReference = 3A7BD81020161A4F0027A04C /* XcodeGitDemo.app */;
			productType = "com.apple.product-type.application";
		};
		3A7BD82320161A4F0027A04C /* XcodeGitDemoTests */ = {
			isa = PBXNativeTarget;
			buildConfigurationList = 3A7BD83B20161A4F0027A04C /* Build configuration list for PBXNativeTarget "XcodeGitDemoTests" */;
			buildPhases = (
				3A7BD82020161A4F0027A04C /* Sources */,
				3A7BD82120161A4F0027A04C /* Frameworks */,
				3A7BD82220161A4F0027A04C /* Resources */,
			);
			buildRules = (
			);
			dependencies = (
				3A7BD82620161A4F0027A04C /* PBXTargetDependency */,
			);
			name = XcodeGitDemoTests;
			productName = XcodeGitDemoTests;
			productReference = 3A7BD82420161A4F0027A04C /* XcodeGitDemoTests.xctest */;
			productType = "com.apple.product-type.bundle.unit-test";
		};
		3A7BD82E20161A4F0027A04C /* XcodeGitDemoUITests */ = {
			isa = PBXNativeTarget;
			buildConfigurationList = 3A7BD83E20161A4F0027A04C /* Build configuration list for PBXNativeTarget "XcodeGitDemoUITests" */;
			buildPhases = (
				3A7BD82B20161A4F0027A04C /* Sources */,
				3A7BD82C20161A4F0027A04C /* Frameworks */,
				3A7BD82D20161A4F0027A04C /* Resources */,
			);
			buildRules = (
			);
			dependencies = (
				3A7BD83120161A4F0027A04C /* PBXTargetDependency */,
			);
			name = XcodeGitDemoUITests;
			productName = XcodeGitDemoUITests;
			productReference = 3A7BD82F20161A4F0027A04C /* XcodeGitDemoUITests.xctest */;
			productType = "com.apple.product-type.bundle.ui-testing";
		};
/* End PBXNativeTarget section */

/* Begin PBXProject section */
		3A7BD80820161A4F0027A04C /* Project object */ = {
			isa = PBXProject;
			attributes = {
				LastSwiftUpdateCheck = 0920;
				LastUpgradeCheck = 0920;
				ORGANIZATIONNAME = hans;
				TargetAttributes = {
					3A7BD80F20161A4F0027A04C = {
						CreatedOnToolsVersion = 9.2;
						ProvisioningStyle = Automatic;
					};
					3A7BD82320161A4F0027A04C = {
						CreatedOnToolsVersion = 9.2;
						ProvisioningStyle = Automatic;
						TestTargetID = 3A7BD80F20161A4F0027A04C;
					};
					3A7BD82E20161A4F0027A04C = {
						CreatedOnToolsVersion = 9.2;
						ProvisioningStyle = Automatic;
						TestTargetID = 3A7BD80F20161A4F0027A04C;
					};
				};
			};
			buildConfigurationList = 3A7BD80B20161A4F0027A04C /* Build configuration list for PBXProject "XcodeGitDemo" */;
			compatibilityVersion = "Xcode 8.0";
			developmentRegion = en;
			hasScannedForEncodings = 0;
			knownRegions = (
				en,
				Base,
			);
			mainGroup = 3A7BD80720161A4F0027A04C;
			productRefGroup = 3A7BD81120161A4F0027A04C /* Products */;
			projectDirPath = "";
			projectRoot = "";
			targets = (
				3A7BD80F20161A4F0027A04C /* XcodeGitDemo */,
				3A7BD82320161A4F0027A04C /* XcodeGitDemoTests */,
				3A7BD82E20161A4F0027A04C /* XcodeGitDemoUITests */,
			);
		};
/* End PBXProject section */

/* Begin PBXResourcesBuildPhase section */
		3A7BD80E20161A4F0027A04C /* Resources */ = {
			isa = PBXResourcesBuildPhase;
			buildActionMask = 2147483647;
			files = (
				3A7BD81E20161A4F0027A04C /* LaunchScreen.storyboard in Resources */,
				3A7BD81B20161A4F0027A04C /* Assets.xcassets in Resources */,
				3A7BD81920161A4F0027A04C /* Main.storyboard in Resources */,
			);
			runOnlyForDeploymentPostprocessing = 0;
		};
		3A7BD82220161A4F0027A04C /* Resources */ = {
			isa = PBXResourcesBuildPhase;
			buildActionMask = 2147483647;
			files = (
			);
			runOnlyForDeploymentPostprocessing = 0;
		};
		3A7BD82D20161A4F0027A04C /* Resources */ = {
			isa = PBXResourcesBuildPhase;
			buildActionMask = 2147483647;
			files = (
			);
			runOnlyForDeploymentPostprocessing = 0;
		};
/* End PBXResourcesBuildPhase section */

/* Begin PBXSourcesBuildPhase section */
		3A7BD80C20161A4F0027A04C /* Sources */ = {
			isa = PBXSourcesBuildPhase;
			buildActionMask = 2147483647;
			files = (
				3A7BD81620161A4F0027A04C /* ViewController.swift in Sources */,
				3A7BD81420161A4F0027A04C /* AppDelegate.swift in Sources */,
			);
			runOnlyForDeploymentPostprocessing = 0;
		};
		3A7BD82020161A4F0027A04C /* Sources */ = {
			isa = PBXSourcesBuildPhase;
			buildActionMask = 2147483647;
			files = (
				3A7BD82920161A4F0027A04C /* XcodeGitDemoTests.swift in Sources */,
			);
			runOnlyForDeploymentPostprocessing = 0;
		};
		3A7BD82B20161A4F0027A04C /* Sources */ = {
			isa = PBXSourcesBuildPhase;
			buildActionMask = 2147483647;
			files = (
				3A7BD83420161A4F0027A04C /* XcodeGitDemoUITests.swift in Sources */,
			);
			runOnlyForDeploymentPostprocessing = 0;
		};
/* End PBXSourcesBuildPhase section */

/* Begin PBXTargetDependency section */
		3A7BD82620161A4F0027A04C /* PBXTargetDependency */ = {
			isa = PBXTargetDependency;
			target = 3A7BD80F20161A4F0027A04C /* XcodeGitDemo */;
			targetProxy = 3A7BD82520161A4F0027A04C /* PBXContainerItemProxy */;
		};
		3A7BD83120161A4F0027A04C /* PBXTargetDependency */ = {
			isa = PBXTargetDependency;
			target = 3A7BD80F20161A4F0027A04C /* XcodeGitDemo */;
			targetProxy = 3A7BD83020161A4F0027A04C /* PBXContainerItemProxy */;
		};
/* End PBXTargetDependency section */

/* Begin PBXVariantGroup section */
		3A7BD81720161A4F0027A04C /* Main.storyboard */ = {
			isa = PBXVariantGroup;
			children = (
				3A7BD81820161A4F0027A04C /* Base */,
			);
			name = Main.storyboard;
			sourceTree = "<group>";
		};
		3A7BD81C20161A4F0027A04C /* LaunchScreen.storyboard */ = {
			isa = PBXVariantGroup;
			children = (
				3A7BD81D20161A4F0027A04C /* Base */,
			);
			name = LaunchScreen.storyboard;
			sourceTree = "<group>";
		};
/* End PBXVariantGroup section */

/* Begin XCBuildConfiguration section */
		3A7BD83620161A4F0027A04C /* Debug */ = {
			isa = XCBuildConfiguration;
			buildSettings = {
				ALWAYS_SEARCH_USER_PATHS = NO;
				CLANG_ANALYZER_NONNULL = YES;
				CLANG_ANALYZER_NUMBER_OBJECT_CONVERSION = YES_AGGRESSIVE;
				CLANG_CXX_LANGUAGE_STANDARD = "gnu++14";
				CLANG_CXX_LIBRARY = "libc++";
				CLANG_ENABLE_MODULES = YES;
				CLANG_ENABLE_OBJC_ARC = YES;
				CLANG_WARN_BLOCK_CAPTURE_AUTORELEASING = YES;
				CLANG_WARN_BOOL_CONVERSION = YES;
				CLANG_WARN_COMMA = YES;
				CLANG_WARN_CONSTANT_CONVERSION = YES;
				CLANG_WARN_DIRECT_OBJC_ISA_USAGE = YES_ERROR;
				CLANG_WARN_DOCUMENTATION_COMMENTS = YES;
				CLANG_WARN_EMPTY_BODY = YES;
				CLANG_WARN_ENUM_CONVERSION = YES;
				CLANG_WARN_INFINITE_RECURSION = YES;
				CLANG_WARN_INT_CONVERSION = YES;
				CLANG_WARN_NON_LITERAL_NULL_CONVERSION = YES;
				CLANG_WARN_OBJC_LITERAL_CONVERSION = YES;
				CLANG_WARN_OBJC_ROOT_CLASS = YES_ERROR;
				CLANG_WARN_RANGE_LOOP_ANALYSIS = YES;
				CLANG_WARN_STRICT_PROTOTYPES = YES;
				CLANG_WARN_SUSPICIOUS_MOVE = YES;
				CLANG_WARN_UNGUARDED_AVAILABILITY = YES_AGGRESSIVE;
				CLANG_WARN_UNREACHABLE_CODE = YES;
				CLANG_WARN__DUPLICATE_METHOD_MATCH = YES;
				CODE_SIGN_IDENTITY = "iPhone Developer";
				COPY_PHASE_STRIP = NO;
				DEBUG_INFORMATION_FORMAT = dwarf;
				ENABLE_STRICT_OBJC_MSGSEND = YES;
				ENABLE_TESTABILITY = YES;
				GCC_C_LANGUAGE_STANDARD = gnu11;
				GCC_DYNAMIC_NO_PIC = NO;
				GCC_NO_COMMON_BLOCKS = YES;
				GCC_OPTIMIZATION_LEVEL = 0;
				GCC_PREPROCESSOR_DEFINITIONS = (
					"DEBUG=1",
					"$(inherited)",
				);
				GCC_WARN_64_TO_32_BIT_CONVERSION = YES;
				GCC_WARN_ABOUT_RETURN_TYPE = YES_ERROR;
				GCC_WARN_UNDECLARED_SELECTOR = YES;
				GCC_WARN_UNINITIALIZED_AUTOS = YES_AGGRESSIVE;
				GCC_WARN_UNUSED_FUNCTION = YES;
				GCC_WARN_UNUSED_VARIABLE = YES;
				IPHONEOS_DEPLOYMENT_TARGET = 11.2;
				MTL_ENABLE_DEBUG_INFO = YES;
				ONLY_ACTIVE_ARCH = YES;
				SDKROOT = iphoneos;
				SWIFT_ACTIVE_COMPILATION_CONDITIONS = DEBUG;
				SWIFT_OPTIMIZATION_LEVEL = "-Onone";
			};
			name = Debug;
		};
		3A7BD83720161A4F0027A04C /* Release */ = {
			isa = XCBuildConfiguration;
			buildSettings = {
				ALWAYS_SEARCH_USER_PATHS = NO;
				CLANG_ANALYZER_NONNULL = YES;
				CLANG_ANALYZER_NUMBER_OBJECT_CONVERSION = YES_AGGRESSIVE;
				CLANG_CXX_LANGUAGE_STANDARD = "gnu++14";
				CLANG_CXX_LIBRARY = "libc++";
				CLANG_ENABLE_MODULES = YES;
				CLANG_ENABLE_OBJC_ARC = YES;
				CLANG_WARN_BLOCK_CAPTURE_AUTORELEASING = YES;
				CLANG_WARN_BOOL_CONVERSION = YES;
				CLANG_WARN_COMMA = YES;
				CLANG_WARN_CONSTANT_CONVERSION = YES;
				CLANG_WARN_DIRECT_OBJC_ISA_USAGE = YES_ERROR;
				CLANG_WARN_DOCUMENTATION_COMMENTS = YES;
				CLANG_WARN_EMPTY_BODY = YES;
				CLANG_WARN_ENUM_CONVERSION = YES;
				CLANG_WARN_INFINITE_RECURSION = YES;
				CLANG_WARN_INT_CONVERSION = YES;
				CLANG_WARN_NON_LITERAL_NULL_CONVERSION = YES;
				CLANG_WARN_OBJC_LITERAL_CONVERSION = YES;
				CLANG_WARN_OBJC_ROOT_CLASS = YES_ERROR;
				CLANG_WARN_RANGE_LOOP_ANALYSIS = YES;
				CLANG_WARN_STRICT_PROTOTYPES = YES;
				CLANG_WARN_SUSPICIOUS_MOVE = YES;
				CLANG_WARN_UNGUARDED_AVAILABILITY = YES_AGGRESSIVE;
				CLANG_WARN_UNREACHABLE_CODE = YES;
				CLANG_WARN__DUPLICATE_METHOD_MATCH = YES;
				CODE_SIGN_IDENTITY = "iPhone Developer";
				COPY_PHASE_STRIP = NO;
				DEBUG_INFORMATION_FORMAT = "dwarf-with-dsym";
				ENABLE_NS_ASSERTIONS = NO;
				ENABLE_STRICT_OBJC_MSGSEND = YES;
				GCC_C_LANGUAGE_STANDARD = gnu11;
				GCC_NO_COMMON_BLOCKS = YES;
				GCC_WARN_64_TO_32_BIT_CONVERSION = YES;
				GCC_WARN_ABOUT_RETURN_TYPE = YES_ERROR;
				GCC_WARN_UNDECLARED_SELECTOR = YES;
				GCC_WARN_UNINITIALIZED_AUTOS = YES_AGGRESSIVE;
				GCC_WARN_UNUSED_FUNCTION = YES;
				GCC_WARN_UNUSED_VARIABLE = YES;
				IPHONEOS_DEPLOYMENT_TARGET = 11.2;
				MTL_ENABLE_DEBUG_INFO = NO;
				SDKROOT = iphoneos;
				SWIFT_OPTIMIZATION_LEVEL = "-Owholemodule";
				VALIDATE_PRODUCT = YES;
			};
			name = Release;
		};
		3A7BD83920161A4F0027A04C /* Debug */ = {
			isa = XCBuildConfiguration;
			buildSettings = {
				ASSETCATALOG_COMPILER_APPICON_NAME = AppIcon;
				CODE_SIGN_STYLE = Automatic;
				DEVELOPMENT_TEAM = K3KX659AR4;
				INFOPLIST_FILE = XcodeGitDemo/Info.plist;
				LD_RUNPATH_SEARCH_PATHS = "$(inherited) @executable_path/Frameworks";
				PRODUCT_BUNDLE_IDENTIFIER = com.hsbc.XcodeGitDemo;
				PRODUCT_NAME = "$(TARGET_NAME)";
				SWIFT_VERSION = 4.0;
				TARGETED_DEVICE_FAMILY = "1,2";
			};
			name = Debug;
		};
		3A7BD83A20161A4F0027A04C /* Release */ = {
			isa = XCBuildConfiguration;
			buildSettings = {
				ASSETCATALOG_COMPILER_APPICON_NAME = AppIcon;
				CODE_SIGN_STYLE = Automatic;
				DEVELOPMENT_TEAM = K3KX659AR4;
				INFOPLIST_FILE = XcodeGitDemo/Info.plist;
				LD_RUNPATH_SEARCH_PATHS = "$(inherited) @executable_path/Frameworks";
				PRODUCT_BUNDLE_IDENTIFIER = com.hsbc.XcodeGitDemo;
				PRODUCT_NAME = "$(TARGET_NAME)";
				SWIFT_VERSION = 4.0;
				TARGETED_DEVICE_FAMILY = "1,2";
			};
			name = Release;
		};
		3A7BD83C20161A4F0027A04C /* Debug */ = {
			isa = XCBuildConfiguration;
			buildSettings = {
				ALWAYS_EMBED_SWIFT_STANDARD_LIBRARIES = YES;
				BUNDLE_LOADER = "$(TEST_HOST)";
				CODE_SIGN_STYLE = Automatic;
				DEVELOPMENT_TEAM = K3KX659AR4;
				INFOPLIST_FILE = XcodeGitDemoTests/Info.plist;
				LD_RUNPATH_SEARCH_PATHS = "$(inherited) @executable_path/Frameworks @loader_path/Frameworks";
				PRODUCT_BUNDLE_IDENTIFIER = com.hsbc.XcodeGitDemoTests;
				PRODUCT_NAME = "$(TARGET_NAME)";
				SWIFT_VERSION = 4.0;
				TARGETED_DEVICE_FAMILY = "1,2";
				TEST_HOST = "$(BUILT_PRODUCTS_DIR)/XcodeGitDemo.app/XcodeGitDemo";
			};
			name = Debug;
		};
		3A7BD83D20161A4F0027A04C /* Release */ = {
			isa = XCBuildConfiguration;
			buildSettings = {
				ALWAYS_EMBED_SWIFT_STANDARD_LIBRARIES = YES;
				BUNDLE_LOADER = "$(TEST_HOST)";
				CODE_SIGN_STYLE = Automatic;
				DEVELOPMENT_TEAM = K3KX659AR4;
				INFOPLIST_FILE = XcodeGitDemoTests/Info.plist;
				LD_RUNPATH_SEARCH_PATHS = "$(inherited) @executable_path/Frameworks @loader_path/Frameworks";
				PRODUCT_BUNDLE_IDENTIFIER = com.hsbc.XcodeGitDemoTests;
				PRODUCT_NAME = "$(TARGET_NAME)";
				SWIFT_VERSION = 4.0;
				TARGETED_DEVICE_FAMILY = "1,2";
				TEST_HOST = "$(BUILT_PRODUCTS_DIR)/XcodeGitDemo.app/XcodeGitDemo";
			};
			name = Release;
		};
		3A7BD83F20161A4F0027A04C /* Debug */ = {
			isa = XCBuildConfiguration;
			buildSettings = {
				ALWAYS_EMBED_SWIFT_STANDARD_LIBRARIES = YES;
				CODE_SIGN_STYLE = Automatic;
				DEVELOPMENT_TEAM = K3KX659AR4;
				INFOPLIST_FILE = XcodeGitDemoUITests/Info.plist;
				LD_RUNPATH_SEARCH_PATHS = "$(inherited) @executable_path/Frameworks @loader_path/Frameworks";
				PRODUCT_BUNDLE_IDENTIFIER = com.hsbc.XcodeGitDemoUITests;
				PRODUCT_NAME = "$(TARGET_NAME)";
				SWIFT_VERSION = 4.0;
				TARGETED_DEVICE_FAMILY = "1,2";
				TEST_TARGET_NAME = XcodeGitDemo;
			};
			name = Debug;
		};
		3A7BD84020161A4F0027A04C /* Release */ = {
			isa = XCBuildConfiguration;
			buildSettings = {
				ALWAYS_EMBED_SWIFT_STANDARD_LIBRARIES = YES;
				CODE_SIGN_STYLE = Automatic;
				DEVELOPMENT_TEAM = K3KX659AR4;
				INFOPLIST_FILE = XcodeGitDemoUITests/Info.plist;
				LD_RUNPATH_SEARCH_PATHS = "$(inherited) @executable_path/Frameworks @loader_path/Frameworks";
				PRODUCT_BUNDLE_IDENTIFIER = com.hsbc.XcodeGitDemoUITests;
				PRODUCT_NAME = "$(TARGET_NAME)";
				SWIFT_VERSION = 4.0;
				TARGETED_DEVICE_FAMILY = "1,2";
				TEST_TARGET_NAME = XcodeGitDemo;
			};
			name = Release;
		};
/* End XCBuildConfiguration section */

/* Begin XCConfigurationList section */
		3A7BD80B20161A4F0027A04C /* Build configuration list for PBXProject "XcodeGitDemo" */ = {
			isa = XCConfigurationList;
			buildConfigurations = (
				3A7BD83620161A4F0027A04C /* Debug */,
				3A7BD83720161A4F0027A04C /* Release */,
			);
			defaultConfigurationIsVisible = 0;
			defaultConfigurationName = Release;
		};
		3A7BD83820161A4F0027A04C /* Build configuration list for PBXNativeTarget "XcodeGitDemo" */ = {
			isa = XCConfigurationList;
			buildConfigurations = (
				3A7BD83920161A4F0027A04C /* Debug */,
				3A7BD83A20161A4F0027A04C /* Release */,
			);
			defaultConfigurationIsVisible = 0;
			defaultConfigurationName = Release;
		};
		3A7BD83B20161A4F0027A04C /* Build configuration list for PBXNativeTarget "XcodeGitDemoTests" */ = {
			isa = XCConfigurationList;
			buildConfigurations = (
				3A7BD83C20161A4F0027A04C /* Debug */,
				3A7BD83D20161A4F0027A04C /* Release */,
			);
			defaultConfigurationIsVisible = 0;
			defaultConfigurationName = Release;
		};
		3A7BD83E20161A4F0027A04C /* Build configuration list for PBXNativeTarget "XcodeGitDemoUITests" */ = {
			isa = XCConfigurationList;
			buildConfigurations = (
				3A7BD83F20161A4F0027A04C /* Debug */,
				3A7BD84020161A4F0027A04C /* Release */,
			);
			defaultConfigurationIsVisible = 0;
			defaultConfigurationName = Release;
		};
/* End XCConfigurationList section */
	};
	rootObject = 3A7BD80820161A4F0027A04C /* Project object */;
}
